
Microsoft Visual Studio Solution File, Format Version 12.00
# Visual Studio Version 17
VisualStudioVersion = 17.0.32126.317
MinimumVisualStudioVersion = 10.0.40219.1
Project("{FAE04EC0-301F-11D3-BF4B-00C04F79EFBC}") = "ListPorts", "ListPorts\ListPorts.csproj", "{1CA1C00F-DBA1-4869-9581-EA6647D68A22}"
EndProject
Project("{9A19103F-16F7-4668-BE54-9A1E7A4F7556}") = "ReadNmea", "ReadNmea\ReadNmea.csproj", "{1CA50DCE-F7FD-4039-925E-A94D4E61CE60}"
EndProject
Global
	GlobalSection(SolutionConfigurationPlatforms) = preSolution
		Debug|Any CPU = Debug|Any CPU
		Release|Any CPU = Release|Any CPU
	EndGlobalSection
	GlobalSection(ProjectConfigurationPlatforms) = postSolution
		{1CA1C00F-DBA1-4869-9581-EA6647D68A22}.Debug|Any CPU.ActiveCfg = Debug|Any CPU
		{1CA1C00F-DBA1-4869-9581-EA6647D68A22}.Debug|Any CPU.Build.0 = Debug|Any CPU
		{1CA1C00F-DBA1-4869-9581-EA6647D68A22}.Release|Any CPU.ActiveCfg = Release|Any CPU
		{1CA1C00F-DBA1-4869-9581-EA6647D68A22}.Release|Any CPU.Build.0 = Release|Any CPU
		{1CA50DCE-F7FD-4039-925E-A94D4E61CE60}.Debug|Any CPU.ActiveCfg = Debug|Any CPU
		{1CA50DCE-F7FD-4039-925E-A94D4E61CE60}.Debug|Any CPU.Build.0 = Debug|Any CPU
		{1CA50DCE-F7FD-4039-925E-A94D4E61CE60}.Release|Any CPU.ActiveCfg = Release|Any CPU
		{1CA50DCE-F7FD-4039-925E-A94D4E61CE60}.Release|Any CPU.Build.0 = Release|Any CPU
	EndGlobalSection
	GlobalSection(SolutionProperties) = preSolution
		HideSolutionNode = FALSE
	EndGlobalSection
	GlobalSection(ExtensibilityGlobals) = postSolution
		SolutionGuid = {EFF4CFDC-4992-4A17-82FC-D2DEF2860476}
	EndGlobalSection
EndGlobal
